
Microsoft Visual Studio Solution File, Format Version 12.00
# Visual Studio 15
VisualStudioVersion = 15.0.26403.0
MinimumVisualStudioVersion = 10.0.40219.1
Project("{FAE04EC0-301F-11D3-BF4B-00C04F79EFBC}") = "TestMvc", "TestMvc\TestMvc.csproj", "{14E88655-E23A-450D-9908-F858D334BCD8}"
EndProject
Project("{2150E333-8FDC-42A3-9474-1A3956D46DE8}") = "Client", "Client", "{92253309-28E0-4AB8-BF59-CDC831764E5E}"
EndProject
Project("{2150E333-8FDC-42A3-9474-1A3956D46DE8}") = "Data", "Data", "{1BBFDD0E-F30F-4258-971D-917EA9036811}"
EndProject
Project("{2150E333-8FDC-42A3-9474-1A3956D46DE8}") = "Common", "Common", "{08F02AB2-34F9-4718-89E6-8F402632924D}"
EndProject
Project("{FAE04EC0-301F-11D3-BF4B-00C04F79EFBC}") = "Web.Core", "Web.Core\Web.Core.csproj", "{8DD88526-B604-4E10-9EAE-7B6DA320CED1}"
EndProject
Project("{FAE04EC0-301F-11D3-BF4B-00C04F79EFBC}") = "Ruanmou.EF.Model", "Ruanmou.EF.Model\Ruanmou.EF.Model.csproj", "{DC8D203B-98ED-4E81-A08F-D5BFB7E615FB}"
EndProject
Project("{FAE04EC0-301F-11D3-BF4B-00C04F79EFBC}") = "Ruanmou.Bussiness.Interface", "Ruanmou.Bussiness.Interface\Ruanmou.Bussiness.Interface.csproj", "{A89A1FFE-5DFA-456E-A4C0-F72724A4BE0E}"
EndProject
Project("{FAE04EC0-301F-11D3-BF4B-00C04F79EFBC}") = "Ruanmou.Bussiness.Service", "Ruanmou.Bussiness.Service\Ruanmou.Bussiness.Service.csproj", "{4DA0D148-9988-45C3-BE50-A3BB09CBBC62}"
EndProject
Project("{FAE04EC0-301F-11D3-BF4B-00C04F79EFBC}") = "Ruanmou.Remote.Interface", "Ruanmou.Remote.Interface\Ruanmou.Remote.Interface.csproj", "{FC650919-47A5-46D7-BF01-1A02052324D5}"
EndProject
Project("{FAE04EC0-301F-11D3-BF4B-00C04F79EFBC}") = "Ruanmou.Remote.Model", "Ruanmou.Remote.Model\Ruanmou.Remote.Model.csproj", "{DC2E3032-284A-4142-8ED6-00866A36AA07}"
EndProject
Project("{FAE04EC0-301F-11D3-BF4B-00C04F79EFBC}") = "Ruanmou.Framework", "Ruanmou.Framework\Ruanmou.Framework.csproj", "{F3D3FF1E-4242-402B-8E64-03B082A80E29}"
EndProject
Project("{FAE04EC0-301F-11D3-BF4B-00C04F79EFBC}") = "Ruanmou.Remote.Service", "Ruanmou.Remote.Service\Ruanmou.Remote.Service.csproj", "{8A5C39C3-E66D-4D19-B4DE-1DE8DFAA6964}"
EndProject
Global
	GlobalSection(SolutionConfigurationPlatforms) = preSolution
		Debug|Any CPU = Debug|Any CPU
		Release|Any CPU = Release|Any CPU
	EndGlobalSection
	GlobalSection(ProjectConfigurationPlatforms) = postSolution
		{14E88655-E23A-450D-9908-F858D334BCD8}.Debug|Any CPU.ActiveCfg = Debug|Any CPU
		{14E88655-E23A-450D-9908-F858D334BCD8}.Debug|Any CPU.Build.0 = Debug|Any CPU
		{14E88655-E23A-450D-9908-F858D334BCD8}.Release|Any CPU.ActiveCfg = Release|Any CPU
		{14E88655-E23A-450D-9908-F858D334BCD8}.Release|Any CPU.Build.0 = Release|Any CPU
		{8DD88526-B604-4E10-9EAE-7B6DA320CED1}.Debug|Any CPU.ActiveCfg = Debug|Any CPU
		{8DD88526-B604-4E10-9EAE-7B6DA320CED1}.Debug|Any CPU.Build.0 = Debug|Any CPU
		{8DD88526-B604-4E10-9EAE-7B6DA320CED1}.Release|Any CPU.ActiveCfg = Release|Any CPU
		{8DD88526-B604-4E10-9EAE-7B6DA320CED1}.Release|Any CPU.Build.0 = Release|Any CPU
		{DC8D203B-98ED-4E81-A08F-D5BFB7E615FB}.Debug|Any CPU.ActiveCfg = Debug|Any CPU
		{DC8D203B-98ED-4E81-A08F-D5BFB7E615FB}.Debug|Any CPU.Build.0 = Debug|Any CPU
		{DC8D203B-98ED-4E81-A08F-D5BFB7E615FB}.Release|Any CPU.ActiveCfg = Release|Any CPU
		{DC8D203B-98ED-4E81-A08F-D5BFB7E615FB}.Release|Any CPU.Build.0 = Release|Any CPU
		{A89A1FFE-5DFA-456E-A4C0-F72724A4BE0E}.Debug|Any CPU.ActiveCfg = Debug|Any CPU
		{A89A1FFE-5DFA-456E-A4C0-F72724A4BE0E}.Debug|Any CPU.Build.0 = Debug|Any CPU
		{A89A1FFE-5DFA-456E-A4C0-F72724A4BE0E}.Release|Any CPU.ActiveCfg = Release|Any CPU
		{A89A1FFE-5DFA-456E-A4C0-F72724A4BE0E}.Release|Any CPU.Build.0 = Release|Any CPU
		{4DA0D148-9988-45C3-BE50-A3BB09CBBC62}.Debug|Any CPU.ActiveCfg = Debug|Any CPU
		{4DA0D148-9988-45C3-BE50-A3BB09CBBC62}.Debug|Any CPU.Build.0 = Debug|Any CPU
		{4DA0D148-9988-45C3-BE50-A3BB09CBBC62}.Release|Any CPU.ActiveCfg = Release|Any CPU
		{4DA0D148-9988-45C3-BE50-A3BB09CBBC62}.Release|Any CPU.Build.0 = Release|Any CPU
		{FC650919-47A5-46D7-BF01-1A02052324D5}.Debug|Any CPU.ActiveCfg = Debug|Any CPU
		{FC650919-47A5-46D7-BF01-1A02052324D5}.Debug|Any CPU.Build.0 = Debug|Any CPU
		{FC650919-47A5-46D7-BF01-1A02052324D5}.Release|Any CPU.ActiveCfg = Release|Any CPU
		{FC650919-47A5-46D7-BF01-1A02052324D5}.Release|Any CPU.Build.0 = Release|Any CPU
		{DC2E3032-284A-4142-8ED6-00866A36AA07}.Debug|Any CPU.ActiveCfg = Debug|Any CPU
		{DC2E3032-284A-4142-8ED6-00866A36AA07}.Debug|Any CPU.Build.0 = Debug|Any CPU
		{DC2E3032-284A-4142-8ED6-00866A36AA07}.Release|Any CPU.ActiveCfg = Release|Any CPU
		{DC2E3032-284A-4142-8ED6-00866A36AA07}.Release|Any CPU.Build.0 = Release|Any CPU
		{F3D3FF1E-4242-402B-8E64-03B082A80E29}.Debug|Any CPU.ActiveCfg = Debug|Any CPU
		{F3D3FF1E-4242-402B-8E64-03B082A80E29}.Debug|Any CPU.Build.0 = Debug|Any CPU
		{F3D3FF1E-4242-402B-8E64-03B082A80E29}.Release|Any CPU.ActiveCfg = Release|Any CPU
		{F3D3FF1E-4242-402B-8E64-03B082A80E29}.Release|Any CPU.Build.0 = Release|Any CPU
		{8A5C39C3-E66D-4D19-B4DE-1DE8DFAA6964}.Debug|Any CPU.ActiveCfg = Debug|Any CPU
		{8A5C39C3-E66D-4D19-B4DE-1DE8DFAA6964}.Debug|Any CPU.Build.0 = Debug|Any CPU
		{8A5C39C3-E66D-4D19-B4DE-1DE8DFAA6964}.Release|Any CPU.ActiveCfg = Release|Any CPU
		{8A5C39C3-E66D-4D19-B4DE-1DE8DFAA6964}.Release|Any CPU.Build.0 = Release|Any CPU
	EndGlobalSection
	GlobalSection(SolutionProperties) = preSolution
		HideSolutionNode = FALSE
	EndGlobalSection
	GlobalSection(NestedProjects) = preSolution
		{14E88655-E23A-450D-9908-F858D334BCD8} = {92253309-28E0-4AB8-BF59-CDC831764E5E}
		{8DD88526-B604-4E10-9EAE-7B6DA320CED1} = {08F02AB2-34F9-4718-89E6-8F402632924D}
		{DC8D203B-98ED-4E81-A08F-D5BFB7E615FB} = {1BBFDD0E-F30F-4258-971D-917EA9036811}
		{A89A1FFE-5DFA-456E-A4C0-F72724A4BE0E} = {1BBFDD0E-F30F-4258-971D-917EA9036811}
		{4DA0D148-9988-45C3-BE50-A3BB09CBBC62} = {1BBFDD0E-F30F-4258-971D-917EA9036811}
		{FC650919-47A5-46D7-BF01-1A02052324D5} = {1BBFDD0E-F30F-4258-971D-917EA9036811}
		{DC2E3032-284A-4142-8ED6-00866A36AA07} = {1BBFDD0E-F30F-4258-971D-917EA9036811}
		{F3D3FF1E-4242-402B-8E64-03B082A80E29} = {08F02AB2-34F9-4718-89E6-8F402632924D}
		{8A5C39C3-E66D-4D19-B4DE-1DE8DFAA6964} = {1BBFDD0E-F30F-4258-971D-917EA9036811}
	EndGlobalSection
EndGlobal
